
Microsoft Visual Studio Solution File, Format Version 12.00
# Visual Studio Version 16
VisualStudioVersion = 25.0.1703.0
MinimumVisualStudioVersion = 10.0.40219.1
Project("{FAE04EC0-301F-11D3-BF4B-00C04F79EFBC}") = "TeslaCarsAndOwners", "TeslaCarsAndOwners\TeslaCarsAndOwners.csproj", "{8E7D3BA5-749E-4AFD-B8C0-3ABD748D1E6B}"
EndProject
Global
	GlobalSection(SolutionConfigurationPlatforms) = preSolution
		Debug|Any CPU = Debug|Any CPU
		Release|Any CPU = Release|Any CPU
	EndGlobalSection
	GlobalSection(ProjectConfigurationPlatforms) = postSolution
		{8E7D3BA5-749E-4AFD-B8C0-3ABD748D1E6B}.Debug|Any CPU.ActiveCfg = Debug|Any CPU
		{8E7D3BA5-749E-4AFD-B8C0-3ABD748D1E6B}.Debug|Any CPU.Build.0 = Debug|Any CPU
		{8E7D3BA5-749E-4AFD-B8C0-3ABD748D1E6B}.Release|Any CPU.ActiveCfg = Release|Any CPU
		{8E7D3BA5-749E-4AFD-B8C0-3ABD748D1E6B}.Release|Any CPU.Build.0 = Release|Any CPU
	EndGlobalSection
	GlobalSection(SolutionProperties) = preSolution
		HideSolutionNode = FALSE
	EndGlobalSection
	GlobalSection(ExtensibilityGlobals) = postSolution
		SolutionGuid = {4498F0F3-BE94-4532-ACB0-07A6E1BB19C2}
	EndGlobalSection
EndGlobal
